
Microsoft Visual Studio Solution File, Format Version 10.00
# Visual C++ Express 2008
Project("{8BC9CEB8-8B4A-11D0-8D11-00A0C91BC942}") = "all", "all.vcproj", "{1BD3B85C-7FD7-482C-8C00-2FC644DE2110}"
	ProjectSection(ProjectDependencies) = postProject
		{3E9E0699-2327-4403-B3BC-FDA80BBE114F} = {3E9E0699-2327-4403-B3BC-FDA80BBE114F}
		{23297D9A-7940-4EC8-80A7-E2876EF90E6B} = {23297D9A-7940-4EC8-80A7-E2876EF90E6B}
		{AD151444-E4DB-4451-9D98-5F1965E35C5F} = {AD151444-E4DB-4451-9D98-5F1965E35C5F}
		{FABF3590-6F61-4F40-9AF4-08B24FF1F7CA} = {FABF3590-6F61-4F40-9AF4-08B24FF1F7CA}
		{9D415A09-CA3B-4C72-9875-68C957D22317} = {9D415A09-CA3B-4C72-9875-68C957D22317}
		{C5AFABF0-AA6D-475B-B298-75FDEB11932D} = {C5AFABF0-AA6D-475B-B298-75FDEB11932D}
		{00DDEA89-31AC-4A25-85DF-EF803C89B607} = {00DDEA89-31AC-4A25-85DF-EF803C89B607}
		{81D28097-5FC7-45CA-971C-65B59B8C905C} = {81D28097-5FC7-45CA-971C-65B59B8C905C}
		{8A21964C-8BE6-44B1-A3E0-6D04552CC5A9} = {8A21964C-8BE6-44B1-A3E0-6D04552CC5A9}
		{9D9CC32D-15CC-4940-A5DF-1994CD57DEFF} = {9D9CC32D-15CC-4940-A5DF-1994CD57DEFF}
		{F3ECB804-D127-4FA4-8F21-52E136BBA229} = {F3ECB804-D127-4FA4-8F21-52E136BBA229}
		{77BEDF75-A222-4437-965C-F56546FF01E9} = {77BEDF75-A222-4437-965C-F56546FF01E9}
	EndProjectSection
EndProject
Project("{8BC9CEB8-8B4A-11D0-8D11-00A0C91BC942}") = "as_gbz80", "as\z80\as_gbz80.vcproj", "{8A21964C-8BE6-44B1-A3E0-6D04552CC5A9}"
EndProject
Project("{8BC9CEB8-8B4A-11D0-8D11-00A0C91BC942}") = "as_hc08", "as\hc08\as_hc08.vcproj", "{F3ECB804-D127-4FA4-8F21-52E136BBA229}"
EndProject
Project("{8BC9CEB8-8B4A-11D0-8D11-00A0C91BC942}") = "as_z80", "as\z80\as_z80.vcproj", "{3E9E0699-2327-4403-B3BC-FDA80BBE114F}"
	ProjectSection(ProjectDependencies) = postProject
		{E1A846C5-1024-4B89-9E0E-314090A3CC63} = {E1A846C5-1024-4B89-9E0E-314090A3CC63}
	EndProjectSection
EndProject
Project("{8BC9CEB8-8B4A-11D0-8D11-00A0C91BC942}") = "aslink", "as\link\mcs51\aslink.vcproj", "{23297D9A-7940-4EC8-80A7-E2876EF90E6B}"
	ProjectSection(ProjectDependencies) = postProject
		{E1A846C5-1024-4B89-9E0E-314090A3CC63} = {E1A846C5-1024-4B89-9E0E-314090A3CC63}
	EndProjectSection
EndProject
Project("{8BC9CEB8-8B4A-11D0-8D11-00A0C91BC942}") = "asx8051", "as\mcs51\asx8051.vcproj", "{AD151444-E4DB-4451-9D98-5F1965E35C5F}"
EndProject
Project("{8BC9CEB8-8B4A-11D0-8D11-00A0C91BC942}") = "avr", "src\avr\avr.vcproj", "{3CFE5305-9852-4187-8857-575DDE6587B6}"
	ProjectSection(ProjectDependencies) = postProject
		{409246A4-1189-4688-A81B-D6FC2A949AB7} = {409246A4-1189-4688-A81B-D6FC2A949AB7}
		{4B5ED2C6-C71A-460A-A72C-6FA8D8D38E89} = {4B5ED2C6-C71A-460A-A72C-6FA8D8D38E89}
		{E1A846C5-1024-4B89-9E0E-314090A3CC63} = {E1A846C5-1024-4B89-9E0E-314090A3CC63}
	EndProjectSection
EndProject
Project("{8BC9CEB8-8B4A-11D0-8D11-00A0C91BC942}") = "avra", "src\avr\avra.vcproj", "{409246A4-1189-4688-A81B-D6FC2A949AB7}"
EndProject
Project("{8BC9CEB8-8B4A-11D0-8D11-00A0C91BC942}") = "config", "config.vcproj", "{E1A846C5-1024-4B89-9E0E-314090A3CC63}"
EndProject
Project("{8BC9CEB8-8B4A-11D0-8D11-00A0C91BC942}") = "ds390", "src\ds390\ds390.vcproj", "{7FB544BE-3711-47B4-A567-8587ABAE74E4}"
	ProjectSection(ProjectDependencies) = postProject
		{21437D30-ADCE-491F-ACA8-E3C7DDEEF4AF} = {21437D30-ADCE-491F-ACA8-E3C7DDEEF4AF}
		{4B5ED2C6-C71A-460A-A72C-6FA8D8D38E89} = {4B5ED2C6-C71A-460A-A72C-6FA8D8D38E89}
		{E1A846C5-1024-4B89-9E0E-314090A3CC63} = {E1A846C5-1024-4B89-9E0E-314090A3CC63}
	EndProjectSection
EndProject
Project("{8BC9CEB8-8B4A-11D0-8D11-00A0C91BC942}") = "ds390a", "src\ds390\ds390a.vcproj", "{21437D30-ADCE-491F-ACA8-E3C7DDEEF4AF}"
EndProject
Project("{8BC9CEB8-8B4A-11D0-8D11-00A0C91BC942}") = "hc08", "src\hc08\hc08.vcproj", "{F6709540-09E7-4FF5-9EEC-A35B2CA0593F}"
	ProjectSection(ProjectDependencies) = postProject
		{8F6554A2-98E0-4C0D-A888-EA41BC917C20} = {8F6554A2-98E0-4C0D-A888-EA41BC917C20}
	EndProjectSection
EndProject
Project("{8BC9CEB8-8B4A-11D0-8D11-00A0C91BC942}") = "hc08a", "src\hc08\hc08a.vcproj", "{8F6554A2-98E0-4C0D-A888-EA41BC917C20}"
EndProject
Project("{8BC9CEB8-8B4A-11D0-8D11-00A0C91BC942}") = "librarian", "support\librarian\librarian.vcproj", "{9D9CC32D-15CC-4940-A5DF-1994CD57DEFF}"
EndProject
Project("{8BC9CEB8-8B4A-11D0-8D11-00A0C91BC942}") = "link_hc08", "as\link\hc08\link_hc08.vcproj", "{77BEDF75-A222-4437-965C-F56546FF01E9}"
EndProject
Project("{8BC9CEB8-8B4A-11D0-8D11-00A0C91BC942}") = "linkgbz80", "as\link\z80\linkgbz80.vcproj", "{81D28097-5FC7-45CA-971C-65B59B8C905C}"
EndProject
Project("{8BC9CEB8-8B4A-11D0-8D11-00A0C91BC942}") = "linkz80", "as\link\z80\linkz80.vcproj", "{00DDEA89-31AC-4A25-85DF-EF803C89B607}"
EndProject
Project("{8BC9CEB8-8B4A-11D0-8D11-00A0C91BC942}") = "mcs51", "src\mcs51\mcs51.vcproj", "{B77884E7-E2E5-42FB-8A8C-4E4353151F65}"
	ProjectSection(ProjectDependencies) = postProject
		{4B5ED2C6-C71A-460A-A72C-6FA8D8D38E89} = {4B5ED2C6-C71A-460A-A72C-6FA8D8D38E89}
		{E1A846C5-1024-4B89-9E0E-314090A3CC63} = {E1A846C5-1024-4B89-9E0E-314090A3CC63}
		{5BFC4BD4-EA25-4C1C-8508-98AE43D2FF02} = {5BFC4BD4-EA25-4C1C-8508-98AE43D2FF02}
	EndProjectSection
EndProject
Project("{8BC9CEB8-8B4A-11D0-8D11-00A0C91BC942}") = "mcs51a", "src\mcs51\mcs51a.vcproj", "{5BFC4BD4-EA25-4C1C-8508-98AE43D2FF02}"
EndProject
Project("{8BC9CEB8-8B4A-11D0-8D11-00A0C91BC942}") = "packihx", "support\packihx\PackIhx.vcproj", "{FABF3590-6F61-4F40-9AF4-08B24FF1F7CA}"
EndProject
Project("{8BC9CEB8-8B4A-11D0-8D11-00A0C91BC942}") = "pic", "src\pic\pic.vcproj", "{5CB0EBD0-3BF5-4C50-8B17-4001452FEA50}"
	ProjectSection(ProjectDependencies) = postProject
		{B18C1333-1E04-4526-BF7D-C686A3A06DC2} = {B18C1333-1E04-4526-BF7D-C686A3A06DC2}
		{4B5ED2C6-C71A-460A-A72C-6FA8D8D38E89} = {4B5ED2C6-C71A-460A-A72C-6FA8D8D38E89}
		{E1A846C5-1024-4B89-9E0E-314090A3CC63} = {E1A846C5-1024-4B89-9E0E-314090A3CC63}
	EndProjectSection
EndProject
Project("{8BC9CEB8-8B4A-11D0-8D11-00A0C91BC942}") = "pic16", "src\pic16\pic16.vcproj", "{8DB8F302-70C6-46E8-A348-DB44DA833DA8}"
	ProjectSection(ProjectDependencies) = postProject
		{A56E117C-9315-4B7C-9584-A3A475BC8BAE} = {A56E117C-9315-4B7C-9584-A3A475BC8BAE}
	EndProjectSection
EndProject
Project("{8BC9CEB8-8B4A-11D0-8D11-00A0C91BC942}") = "pic16a", "src\pic16\pic16a.vcproj", "{A56E117C-9315-4B7C-9584-A3A475BC8BAE}"
EndProject
Project("{8BC9CEB8-8B4A-11D0-8D11-00A0C91BC942}") = "pica", "src\pic\pica.vcproj", "{B18C1333-1E04-4526-BF7D-C686A3A06DC2}"
EndProject
Project("{8BC9CEB8-8B4A-11D0-8D11-00A0C91BC942}") = "sdcpp", "support\cpp\sdcpp.vcproj", "{9D415A09-CA3B-4C72-9875-68C957D22317}"
	ProjectSection(ProjectDependencies) = postProject
		{7DB550B7-20BB-4C4C-8894-DDC03845A1D0} = {7DB550B7-20BB-4C4C-8894-DDC03845A1D0}
	EndProjectSection
EndProject
Project("{8BC9CEB8-8B4A-11D0-8D11-00A0C91BC942}") = "sdcppa", "support\cpp\sdcppa.vcproj", "{7DB550B7-20BB-4C4C-8894-DDC03845A1D0}"
EndProject
Project("{8BC9CEB8-8B4A-11D0-8D11-00A0C91BC942}") = "src", "src\src.vcproj", "{C5AFABF0-AA6D-475B-B298-75FDEB11932D}"
	ProjectSection(ProjectDependencies) = postProject
		{3CFE5305-9852-4187-8857-575DDE6587B6} = {3CFE5305-9852-4187-8857-575DDE6587B6}
		{7FB544BE-3711-47B4-A567-8587ABAE74E4} = {7FB544BE-3711-47B4-A567-8587ABAE74E4}
		{23EC8D6F-23CD-4BA1-8DA6-687CAD8748D4} = {23EC8D6F-23CD-4BA1-8DA6-687CAD8748D4}
		{5CB0EBD0-3BF5-4C50-8B17-4001452FEA50} = {5CB0EBD0-3BF5-4C50-8B17-4001452FEA50}
		{B77884E7-E2E5-42FB-8A8C-4E4353151F65} = {B77884E7-E2E5-42FB-8A8C-4E4353151F65}
		{8FB5B1E7-D867-4D6E-94DA-AD57C15063BE} = {8FB5B1E7-D867-4D6E-94DA-AD57C15063BE}
		{4B5ED2C6-C71A-460A-A72C-6FA8D8D38E89} = {4B5ED2C6-C71A-460A-A72C-6FA8D8D38E89}
		{8DB8F302-70C6-46E8-A348-DB44DA833DA8} = {8DB8F302-70C6-46E8-A348-DB44DA833DA8}
		{F6709540-09E7-4FF5-9EEC-A35B2CA0593F} = {F6709540-09E7-4FF5-9EEC-A35B2CA0593F}
		{E1A846C5-1024-4B89-9E0E-314090A3CC63} = {E1A846C5-1024-4B89-9E0E-314090A3CC63}
	EndProjectSection
EndProject
Project("{8BC9CEB8-8B4A-11D0-8D11-00A0C91BC942}") = "xa51", "src\xa51\xa51.vcproj", "{8FB5B1E7-D867-4D6E-94DA-AD57C15063BE}"
	ProjectSection(ProjectDependencies) = postProject
		{EDBBE576-54ED-4E78-8C59-645A687271AB} = {EDBBE576-54ED-4E78-8C59-645A687271AB}
		{4B5ED2C6-C71A-460A-A72C-6FA8D8D38E89} = {4B5ED2C6-C71A-460A-A72C-6FA8D8D38E89}
		{E1A846C5-1024-4B89-9E0E-314090A3CC63} = {E1A846C5-1024-4B89-9E0E-314090A3CC63}
	EndProjectSection
EndProject
Project("{8BC9CEB8-8B4A-11D0-8D11-00A0C91BC942}") = "xa51a", "src\xa51\xa51a.vcproj", "{EDBBE576-54ED-4E78-8C59-645A687271AB}"
EndProject
Project("{8BC9CEB8-8B4A-11D0-8D11-00A0C91BC942}") = "yacc", "src\yacc.vcproj", "{4B5ED2C6-C71A-460A-A72C-6FA8D8D38E89}"
EndProject
Project("{8BC9CEB8-8B4A-11D0-8D11-00A0C91BC942}") = "z80", "src\z80\z80.vcproj", "{23EC8D6F-23CD-4BA1-8DA6-687CAD8748D4}"
	ProjectSection(ProjectDependencies) = postProject
		{FBB5B5B4-6728-45AD-8E4F-DCD4B5A7124A} = {FBB5B5B4-6728-45AD-8E4F-DCD4B5A7124A}
		{4B5ED2C6-C71A-460A-A72C-6FA8D8D38E89} = {4B5ED2C6-C71A-460A-A72C-6FA8D8D38E89}
		{E1A846C5-1024-4B89-9E0E-314090A3CC63} = {E1A846C5-1024-4B89-9E0E-314090A3CC63}
	EndProjectSection
EndProject
Project("{8BC9CEB8-8B4A-11D0-8D11-00A0C91BC942}") = "z80a", "src\z80\z80a.vcproj", "{FBB5B5B4-6728-45AD-8E4F-DCD4B5A7124A}"
EndProject
Project("{8BC9CEB8-8B4A-11D0-8D11-00A0C91BC942}") = "picoBlaze", "src\picoBlaze\picoBlaze.vcproj", "{B96E2BC9-EA31-413C-9584-F5AAB2C89492}"
EndProject
Global
	GlobalSection(SolutionConfigurationPlatforms) = preSolution
		Debug|Win32 = Debug|Win32
		DebugPIC16|Win32 = DebugPIC16|Win32
		Release|Win32 = Release|Win32
	EndGlobalSection
	GlobalSection(ProjectConfigurationPlatforms) = postSolution
		{1BD3B85C-7FD7-482C-8C00-2FC644DE2110}.Debug|Win32.ActiveCfg = Debug|Win32
		{1BD3B85C-7FD7-482C-8C00-2FC644DE2110}.Debug|Win32.Build.0 = Debug|Win32
		{1BD3B85C-7FD7-482C-8C00-2FC644DE2110}.DebugPIC16|Win32.ActiveCfg = DebugPIC16|Win32
		{1BD3B85C-7FD7-482C-8C00-2FC644DE2110}.DebugPIC16|Win32.Build.0 = DebugPIC16|Win32
		{1BD3B85C-7FD7-482C-8C00-2FC644DE2110}.Release|Win32.ActiveCfg = Release|Win32
		{1BD3B85C-7FD7-482C-8C00-2FC644DE2110}.Release|Win32.Build.0 = Release|Win32
		{8A21964C-8BE6-44B1-A3E0-6D04552CC5A9}.Debug|Win32.ActiveCfg = Debug|Win32
		{8A21964C-8BE6-44B1-A3E0-6D04552CC5A9}.Debug|Win32.Build.0 = Debug|Win32
		{8A21964C-8BE6-44B1-A3E0-6D04552CC5A9}.DebugPIC16|Win32.ActiveCfg = DebugPIC16|Win32
		{8A21964C-8BE6-44B1-A3E0-6D04552CC5A9}.DebugPIC16|Win32.Build.0 = DebugPIC16|Win32
		{8A21964C-8BE6-44B1-A3E0-6D04552CC5A9}.Release|Win32.ActiveCfg = Release|Win32
		{8A21964C-8BE6-44B1-A3E0-6D04552CC5A9}.Release|Win32.Build.0 = Release|Win32
		{F3ECB804-D127-4FA4-8F21-52E136BBA229}.Debug|Win32.ActiveCfg = Debug|Win32
		{F3ECB804-D127-4FA4-8F21-52E136BBA229}.Debug|Win32.Build.0 = Debug|Win32
		{F3ECB804-D127-4FA4-8F21-52E136BBA229}.DebugPIC16|Win32.ActiveCfg = DebugPIC16|Win32
		{F3ECB804-D127-4FA4-8F21-52E136BBA229}.DebugPIC16|Win32.Build.0 = DebugPIC16|Win32
		{F3ECB804-D127-4FA4-8F21-52E136BBA229}.Release|Win32.ActiveCfg = Release|Win32
		{F3ECB804-D127-4FA4-8F21-52E136BBA229}.Release|Win32.Build.0 = Release|Win32
		{3E9E0699-2327-4403-B3BC-FDA80BBE114F}.Debug|Win32.ActiveCfg = Debug|Win32
		{3E9E0699-2327-4403-B3BC-FDA80BBE114F}.Debug|Win32.Build.0 = Debug|Win32
		{3E9E0699-2327-4403-B3BC-FDA80BBE114F}.DebugPIC16|Win32.ActiveCfg = DebugPIC16|Win32
		{3E9E0699-2327-4403-B3BC-FDA80BBE114F}.DebugPIC16|Win32.Build.0 = DebugPIC16|Win32
		{3E9E0699-2327-4403-B3BC-FDA80BBE114F}.Release|Win32.ActiveCfg = Release|Win32
		{3E9E0699-2327-4403-B3BC-FDA80BBE114F}.Release|Win32.Build.0 = Release|Win32
		{23297D9A-7940-4EC8-80A7-E2876EF90E6B}.Debug|Win32.ActiveCfg = Debug|Win32
		{23297D9A-7940-4EC8-80A7-E2876EF90E6B}.Debug|Win32.Build.0 = Debug|Win32
		{23297D9A-7940-4EC8-80A7-E2876EF90E6B}.DebugPIC16|Win32.ActiveCfg = DebugPIC16|Win32
		{23297D9A-7940-4EC8-80A7-E2876EF90E6B}.DebugPIC16|Win32.Build.0 = DebugPIC16|Win32
		{23297D9A-7940-4EC8-80A7-E2876EF90E6B}.Release|Win32.ActiveCfg = Release|Win32
		{23297D9A-7940-4EC8-80A7-E2876EF90E6B}.Release|Win32.Build.0 = Release|Win32
		{AD151444-E4DB-4451-9D98-5F1965E35C5F}.Debug|Win32.ActiveCfg = Debug|Win32
		{AD151444-E4DB-4451-9D98-5F1965E35C5F}.Debug|Win32.Build.0 = Debug|Win32
		{AD151444-E4DB-4451-9D98-5F1965E35C5F}.DebugPIC16|Win32.ActiveCfg = DebugPIC16|Win32
		{AD151444-E4DB-4451-9D98-5F1965E35C5F}.DebugPIC16|Win32.Build.0 = DebugPIC16|Win32
		{AD151444-E4DB-4451-9D98-5F1965E35C5F}.Release|Win32.ActiveCfg = Release|Win32
		{AD151444-E4DB-4451-9D98-5F1965E35C5F}.Release|Win32.Build.0 = Release|Win32
		{3CFE5305-9852-4187-8857-575DDE6587B6}.Debug|Win32.ActiveCfg = Debug|Win32
		{3CFE5305-9852-4187-8857-575DDE6587B6}.Debug|Win32.Build.0 = Debug|Win32
		{3CFE5305-9852-4187-8857-575DDE6587B6}.DebugPIC16|Win32.ActiveCfg = DebugPIC16|Win32
		{3CFE5305-9852-4187-8857-575DDE6587B6}.DebugPIC16|Win32.Build.0 = DebugPIC16|Win32
		{3CFE5305-9852-4187-8857-575DDE6587B6}.Release|Win32.ActiveCfg = Release|Win32
		{3CFE5305-9852-4187-8857-575DDE6587B6}.Release|Win32.Build.0 = Release|Win32
		{409246A4-1189-4688-A81B-D6FC2A949AB7}.Debug|Win32.ActiveCfg = Debug|Win32
		{409246A4-1189-4688-A81B-D6FC2A949AB7}.Debug|Win32.Build.0 = Debug|Win32
		{409246A4-1189-4688-A81B-D6FC2A949AB7}.DebugPIC16|Win32.ActiveCfg = DebugPIC16|Win32
		{409246A4-1189-4688-A81B-D6FC2A949AB7}.DebugPIC16|Win32.Build.0 = DebugPIC16|Win32
		{409246A4-1189-4688-A81B-D6FC2A949AB7}.Release|Win32.ActiveCfg = Release|Win32
		{409246A4-1189-4688-A81B-D6FC2A949AB7}.Release|Win32.Build.0 = Release|Win32
		{E1A846C5-1024-4B89-9E0E-314090A3CC63}.Debug|Win32.ActiveCfg = Debug|Win32
		{E1A846C5-1024-4B89-9E0E-314090A3CC63}.Debug|Win32.Build.0 = Debug|Win32
		{E1A846C5-1024-4B89-9E0E-314090A3CC63}.DebugPIC16|Win32.ActiveCfg = DebugPIC16|Win32
		{E1A846C5-1024-4B89-9E0E-314090A3CC63}.DebugPIC16|Win32.Build.0 = DebugPIC16|Win32
		{E1A846C5-1024-4B89-9E0E-314090A3CC63}.Release|Win32.ActiveCfg = Release|Win32
		{E1A846C5-1024-4B89-9E0E-314090A3CC63}.Release|Win32.Build.0 = Release|Win32
		{7FB544BE-3711-47B4-A567-8587ABAE74E4}.Debug|Win32.ActiveCfg = Debug|Win32
		{7FB544BE-3711-47B4-A567-8587ABAE74E4}.Debug|Win32.Build.0 = Debug|Win32
		{7FB544BE-3711-47B4-A567-8587ABAE74E4}.DebugPIC16|Win32.ActiveCfg = DebugPIC16|Win32
		{7FB544BE-3711-47B4-A567-8587ABAE74E4}.DebugPIC16|Win32.Build.0 = DebugPIC16|Win32
		{7FB544BE-3711-47B4-A567-8587ABAE74E4}.Release|Win32.ActiveCfg = Release|Win32
		{7FB544BE-3711-47B4-A567-8587ABAE74E4}.Release|Win32.Build.0 = Release|Win32
		{21437D30-ADCE-491F-ACA8-E3C7DDEEF4AF}.Debug|Win32.ActiveCfg = Debug|Win32
		{21437D30-ADCE-491F-ACA8-E3C7DDEEF4AF}.Debug|Win32.Build.0 = Debug|Win32
		{21437D30-ADCE-491F-ACA8-E3C7DDEEF4AF}.DebugPIC16|Win32.ActiveCfg = DebugPIC16|Win32
		{21437D30-ADCE-491F-ACA8-E3C7DDEEF4AF}.DebugPIC16|Win32.Build.0 = DebugPIC16|Win32
		{21437D30-ADCE-491F-ACA8-E3C7DDEEF4AF}.Release|Win32.ActiveCfg = Release|Win32
		{21437D30-ADCE-491F-ACA8-E3C7DDEEF4AF}.Release|Win32.Build.0 = Release|Win32
		{F6709540-09E7-4FF5-9EEC-A35B2CA0593F}.Debug|Win32.ActiveCfg = Debug|Win32
		{F6709540-09E7-4FF5-9EEC-A35B2CA0593F}.Debug|Win32.Build.0 = Debug|Win32
		{F6709540-09E7-4FF5-9EEC-A35B2CA0593F}.DebugPIC16|Win32.ActiveCfg = DebugPIC16|Win32
		{F6709540-09E7-4FF5-9EEC-A35B2CA0593F}.DebugPIC16|Win32.Build.0 = DebugPIC16|Win32
		{F6709540-09E7-4FF5-9EEC-A35B2CA0593F}.Release|Win32.ActiveCfg = Release|Win32
		{F6709540-09E7-4FF5-9EEC-A35B2CA0593F}.Release|Win32.Build.0 = Release|Win32
		{8F6554A2-98E0-4C0D-A888-EA41BC917C20}.Debug|Win32.ActiveCfg = Debug|Win32
		{8F6554A2-98E0-4C0D-A888-EA41BC917C20}.Debug|Win32.Build.0 = Debug|Win32
		{8F6554A2-98E0-4C0D-A888-EA41BC917C20}.DebugPIC16|Win32.ActiveCfg = DebugPIC16|Win32
		{8F6554A2-98E0-4C0D-A888-EA41BC917C20}.DebugPIC16|Win32.Build.0 = DebugPIC16|Win32
		{8F6554A2-98E0-4C0D-A888-EA41BC917C20}.Release|Win32.ActiveCfg = Release|Win32
		{8F6554A2-98E0-4C0D-A888-EA41BC917C20}.Release|Win32.Build.0 = Release|Win32
		{9D9CC32D-15CC-4940-A5DF-1994CD57DEFF}.Debug|Win32.ActiveCfg = Debug|Win32
		{9D9CC32D-15CC-4940-A5DF-1994CD57DEFF}.Debug|Win32.Build.0 = Debug|Win32
		{9D9CC32D-15CC-4940-A5DF-1994CD57DEFF}.DebugPIC16|Win32.ActiveCfg = DebugPIC16|Win32
		{9D9CC32D-15CC-4940-A5DF-1994CD57DEFF}.DebugPIC16|Win32.Build.0 = DebugPIC16|Win32
		{9D9CC32D-15CC-4940-A5DF-1994CD57DEFF}.Release|Win32.ActiveCfg = Release|Win32
		{9D9CC32D-15CC-4940-A5DF-1994CD57DEFF}.Release|Win32.Build.0 = Release|Win32
		{77BEDF75-A222-4437-965C-F56546FF01E9}.Debug|Win32.ActiveCfg = Debug|Win32
		{77BEDF75-A222-4437-965C-F56546FF01E9}.Debug|Win32.Build.0 = Debug|Win32
		{77BEDF75-A222-4437-965C-F56546FF01E9}.DebugPIC16|Win32.ActiveCfg = DebugPIC16|Win32
		{77BEDF75-A222-4437-965C-F56546FF01E9}.DebugPIC16|Win32.Build.0 = DebugPIC16|Win32
		{77BEDF75-A222-4437-965C-F56546FF01E9}.Release|Win32.ActiveCfg = Release|Win32
		{77BEDF75-A222-4437-965C-F56546FF01E9}.Release|Win32.Build.0 = Release|Win32
		{81D28097-5FC7-45CA-971C-65B59B8C905C}.Debug|Win32.ActiveCfg = Debug|Win32
		{81D28097-5FC7-45CA-971C-65B59B8C905C}.Debug|Win32.Build.0 = Debug|Win32
		{81D28097-5FC7-45CA-971C-65B59B8C905C}.DebugPIC16|Win32.ActiveCfg = DebugPIC16|Win32
		{81D28097-5FC7-45CA-971C-65B59B8C905C}.DebugPIC16|Win32.Build.0 = DebugPIC16|Win32
		{81D28097-5FC7-45CA-971C-65B59B8C905C}.Release|Win32.ActiveCfg = Release|Win32
		{81D28097-5FC7-45CA-971C-65B59B8C905C}.Release|Win32.Build.0 = Release|Win32
		{00DDEA89-31AC-4A25-85DF-EF803C89B607}.Debug|Win32.ActiveCfg = Debug|Win32
		{00DDEA89-31AC-4A25-85DF-EF803C89B607}.Debug|Win32.Build.0 = Debug|Win32
		{00DDEA89-31AC-4A25-85DF-EF803C89B607}.DebugPIC16|Win32.ActiveCfg = DebugPIC16|Win32
		{00DDEA89-31AC-4A25-85DF-EF803C89B607}.DebugPIC16|Win32.Build.0 = DebugPIC16|Win32
		{00DDEA89-31AC-4A25-85DF-EF803C89B607}.Release|Win32.ActiveCfg = Release|Win32
		{00DDEA89-31AC-4A25-85DF-EF803C89B607}.Release|Win32.Build.0 = Release|Win32
		{B77884E7-E2E5-42FB-8A8C-4E4353151F65}.Debug|Win32.ActiveCfg = Debug|Win32
		{B77884E7-E2E5-42FB-8A8C-4E4353151F65}.Debug|Win32.Build.0 = Debug|Win32
		{B77884E7-E2E5-42FB-8A8C-4E4353151F65}.DebugPIC16|Win32.ActiveCfg = DebugPIC16|Win32
		{B77884E7-E2E5-42FB-8A8C-4E4353151F65}.DebugPIC16|Win32.Build.0 = DebugPIC16|Win32
		{B77884E7-E2E5-42FB-8A8C-4E4353151F65}.Release|Win32.ActiveCfg = Release|Win32
		{B77884E7-E2E5-42FB-8A8C-4E4353151F65}.Release|Win32.Build.0 = Release|Win32
		{5BFC4BD4-EA25-4C1C-8508-98AE43D2FF02}.Debug|Win32.ActiveCfg = Debug|Win32
		{5BFC4BD4-EA25-4C1C-8508-98AE43D2FF02}.Debug|Win32.Build.0 = Debug|Win32
		{5BFC4BD4-EA25-4C1C-8508-98AE43D2FF02}.DebugPIC16|Win32.ActiveCfg = DebugPIC16|Win32
		{5BFC4BD4-EA25-4C1C-8508-98AE43D2FF02}.DebugPIC16|Win32.Build.0 = DebugPIC16|Win32
		{5BFC4BD4-EA25-4C1C-8508-98AE43D2FF02}.Release|Win32.ActiveCfg = Release|Win32
		{5BFC4BD4-EA25-4C1C-8508-98AE43D2FF02}.Release|Win32.Build.0 = Release|Win32
		{FABF3590-6F61-4F40-9AF4-08B24FF1F7CA}.Debug|Win32.ActiveCfg = Debug|Win32
		{FABF3590-6F61-4F40-9AF4-08B24FF1F7CA}.Debug|Win32.Build.0 = Debug|Win32
		{FABF3590-6F61-4F40-9AF4-08B24FF1F7CA}.DebugPIC16|Win32.ActiveCfg = DebugPIC16|Win32
		{FABF3590-6F61-4F40-9AF4-08B24FF1F7CA}.DebugPIC16|Win32.Build.0 = DebugPIC16|Win32
		{FABF3590-6F61-4F40-9AF4-08B24FF1F7CA}.Release|Win32.ActiveCfg = Release|Win32
		{FABF3590-6F61-4F40-9AF4-08B24FF1F7CA}.Release|Win32.Build.0 = Release|Win32
		{5CB0EBD0-3BF5-4C50-8B17-4001452FEA50}.Debug|Win32.ActiveCfg = Debug|Win32
		{5CB0EBD0-3BF5-4C50-8B17-4001452FEA50}.Debug|Win32.Build.0 = Debug|Win32
		{5CB0EBD0-3BF5-4C50-8B17-4001452FEA50}.DebugPIC16|Win32.ActiveCfg = DebugPIC16|Win32
		{5CB0EBD0-3BF5-4C50-8B17-4001452FEA50}.DebugPIC16|Win32.Build.0 = DebugPIC16|Win32
		{5CB0EBD0-3BF5-4C50-8B17-4001452FEA50}.Release|Win32.ActiveCfg = Release|Win32
		{5CB0EBD0-3BF5-4C50-8B17-4001452FEA50}.Release|Win32.Build.0 = Release|Win32
		{8DB8F302-70C6-46E8-A348-DB44DA833DA8}.Debug|Win32.ActiveCfg = Debug|Win32
		{8DB8F302-70C6-46E8-A348-DB44DA833DA8}.Debug|Win32.Build.0 = Debug|Win32
		{8DB8F302-70C6-46E8-A348-DB44DA833DA8}.DebugPIC16|Win32.ActiveCfg = DebugPIC16|Win32
		{8DB8F302-70C6-46E8-A348-DB44DA833DA8}.DebugPIC16|Win32.Build.0 = DebugPIC16|Win32
		{8DB8F302-70C6-46E8-A348-DB44DA833DA8}.Release|Win32.ActiveCfg = Release|Win32
		{8DB8F302-70C6-46E8-A348-DB44DA833DA8}.Release|Win32.Build.0 = Release|Win32
		{A56E117C-9315-4B7C-9584-A3A475BC8BAE}.Debug|Win32.ActiveCfg = Debug|Win32
		{A56E117C-9315-4B7C-9584-A3A475BC8BAE}.Debug|Win32.Build.0 = Debug|Win32
		{A56E117C-9315-4B7C-9584-A3A475BC8BAE}.DebugPIC16|Win32.ActiveCfg = DebugPIC16|Win32
		{A56E117C-9315-4B7C-9584-A3A475BC8BAE}.DebugPIC16|Win32.Build.0 = DebugPIC16|Win32
		{A56E117C-9315-4B7C-9584-A3A475BC8BAE}.Release|Win32.ActiveCfg = Release|Win32
		{A56E117C-9315-4B7C-9584-A3A475BC8BAE}.Release|Win32.Build.0 = Release|Win32
		{B18C1333-1E04-4526-BF7D-C686A3A06DC2}.Debug|Win32.ActiveCfg = Debug|Win32
		{B18C1333-1E04-4526-BF7D-C686A3A06DC2}.Debug|Win32.Build.0 = Debug|Win32
		{B18C1333-1E04-4526-BF7D-C686A3A06DC2}.DebugPIC16|Win32.ActiveCfg = DebugPIC16|Win32
		{B18C1333-1E04-4526-BF7D-C686A3A06DC2}.DebugPIC16|Win32.Build.0 = DebugPIC16|Win32
		{B18C1333-1E04-4526-BF7D-C686A3A06DC2}.Release|Win32.ActiveCfg = Release|Win32
		{B18C1333-1E04-4526-BF7D-C686A3A06DC2}.Release|Win32.Build.0 = Release|Win32
		{9D415A09-CA3B-4C72-9875-68C957D22317}.Debug|Win32.ActiveCfg = Debug|Win32
		{9D415A09-CA3B-4C72-9875-68C957D22317}.Debug|Win32.Build.0 = Debug|Win32
		{9D415A09-CA3B-4C72-9875-68C957D22317}.DebugPIC16|Win32.ActiveCfg = DebugPIC16|Win32
		{9D415A09-CA3B-4C72-9875-68C957D22317}.DebugPIC16|Win32.Build.0 = DebugPIC16|Win32
		{9D415A09-CA3B-4C72-9875-68C957D22317}.Release|Win32.ActiveCfg = Release|Win32
		{9D415A09-CA3B-4C72-9875-68C957D22317}.Release|Win32.Build.0 = Release|Win32
		{7DB550B7-20BB-4C4C-8894-DDC03845A1D0}.Debug|Win32.ActiveCfg = Debug|Win32
		{7DB550B7-20BB-4C4C-8894-DDC03845A1D0}.Debug|Win32.Build.0 = Debug|Win32
		{7DB550B7-20BB-4C4C-8894-DDC03845A1D0}.DebugPIC16|Win32.ActiveCfg = DebugPIC16|Win32
		{7DB550B7-20BB-4C4C-8894-DDC03845A1D0}.DebugPIC16|Win32.Build.0 = DebugPIC16|Win32
		{7DB550B7-20BB-4C4C-8894-DDC03845A1D0}.Release|Win32.ActiveCfg = Release|Win32
		{7DB550B7-20BB-4C4C-8894-DDC03845A1D0}.Release|Win32.Build.0 = Release|Win32
		{C5AFABF0-AA6D-475B-B298-75FDEB11932D}.Debug|Win32.ActiveCfg = Debug|Win32
		{C5AFABF0-AA6D-475B-B298-75FDEB11932D}.Debug|Win32.Build.0 = Debug|Win32
		{C5AFABF0-AA6D-475B-B298-75FDEB11932D}.DebugPIC16|Win32.ActiveCfg = DebugPIC16|Win32
		{C5AFABF0-AA6D-475B-B298-75FDEB11932D}.DebugPIC16|Win32.Build.0 = DebugPIC16|Win32
		{C5AFABF0-AA6D-475B-B298-75FDEB11932D}.Release|Win32.ActiveCfg = Release|Win32
		{C5AFABF0-AA6D-475B-B298-75FDEB11932D}.Release|Win32.Build.0 = Release|Win32
		{8FB5B1E7-D867-4D6E-94DA-AD57C15063BE}.Debug|Win32.ActiveCfg = Debug|Win32
		{8FB5B1E7-D867-4D6E-94DA-AD57C15063BE}.Debug|Win32.Build.0 = Debug|Win32
		{8FB5B1E7-D867-4D6E-94DA-AD57C15063BE}.DebugPIC16|Win32.ActiveCfg = DebugPIC16|Win32
		{8FB5B1E7-D867-4D6E-94DA-AD57C15063BE}.DebugPIC16|Win32.Build.0 = DebugPIC16|Win32
		{8FB5B1E7-D867-4D6E-94DA-AD57C15063BE}.Release|Win32.ActiveCfg = Release|Win32
		{8FB5B1E7-D867-4D6E-94DA-AD57C15063BE}.Release|Win32.Build.0 = Release|Win32
		{EDBBE576-54ED-4E78-8C59-645A687271AB}.Debug|Win32.ActiveCfg = Debug|Win32
		{EDBBE576-54ED-4E78-8C59-645A687271AB}.Debug|Win32.Build.0 = Debug|Win32
		{EDBBE576-54ED-4E78-8C59-645A687271AB}.DebugPIC16|Win32.ActiveCfg = DebugPIC16|Win32
		{EDBBE576-54ED-4E78-8C59-645A687271AB}.DebugPIC16|Win32.Build.0 = DebugPIC16|Win32
		{EDBBE576-54ED-4E78-8C59-645A687271AB}.Release|Win32.ActiveCfg = Release|Win32
		{EDBBE576-54ED-4E78-8C59-645A687271AB}.Release|Win32.Build.0 = Release|Win32
		{4B5ED2C6-C71A-460A-A72C-6FA8D8D38E89}.Debug|Win32.ActiveCfg = Debug|Win32
		{4B5ED2C6-C71A-460A-A72C-6FA8D8D38E89}.Debug|Win32.Build.0 = Debug|Win32
		{4B5ED2C6-C71A-460A-A72C-6FA8D8D38E89}.DebugPIC16|Win32.ActiveCfg = DebugPIC16|Win32
		{4B5ED2C6-C71A-460A-A72C-6FA8D8D38E89}.DebugPIC16|Win32.Build.0 = DebugPIC16|Win32
		{4B5ED2C6-C71A-460A-A72C-6FA8D8D38E89}.Release|Win32.ActiveCfg = Release|Win32
		{4B5ED2C6-C71A-460A-A72C-6FA8D8D38E89}.Release|Win32.Build.0 = Release|Win32
		{23EC8D6F-23CD-4BA1-8DA6-687CAD8748D4}.Debug|Win32.ActiveCfg = Debug|Win32
		{23EC8D6F-23CD-4BA1-8DA6-687CAD8748D4}.Debug|Win32.Build.0 = Debug|Win32
		{23EC8D6F-23CD-4BA1-8DA6-687CAD8748D4}.DebugPIC16|Win32.ActiveCfg = DebugPIC16|Win32
		{23EC8D6F-23CD-4BA1-8DA6-687CAD8748D4}.DebugPIC16|Win32.Build.0 = DebugPIC16|Win32
		{23EC8D6F-23CD-4BA1-8DA6-687CAD8748D4}.Release|Win32.ActiveCfg = Release|Win32
		{23EC8D6F-23CD-4BA1-8DA6-687CAD8748D4}.Release|Win32.Build.0 = Release|Win32
		{FBB5B5B4-6728-45AD-8E4F-DCD4B5A7124A}.Debug|Win32.ActiveCfg = Debug|Win32
		{FBB5B5B4-6728-45AD-8E4F-DCD4B5A7124A}.Debug|Win32.Build.0 = Debug|Win32
		{FBB5B5B4-6728-45AD-8E4F-DCD4B5A7124A}.DebugPIC16|Win32.ActiveCfg = DebugPIC16|Win32
		{FBB5B5B4-6728-45AD-8E4F-DCD4B5A7124A}.DebugPIC16|Win32.Build.0 = DebugPIC16|Win32
		{FBB5B5B4-6728-45AD-8E4F-DCD4B5A7124A}.Release|Win32.ActiveCfg = Release|Win32
		{FBB5B5B4-6728-45AD-8E4F-DCD4B5A7124A}.Release|Win32.Build.0 = Release|Win32
		{B96E2BC9-EA31-413C-9584-F5AAB2C89492}.Debug|Win32.ActiveCfg = Debug|Win32
		{B96E2BC9-EA31-413C-9584-F5AAB2C89492}.Debug|Win32.Build.0 = Debug|Win32
		{B96E2BC9-EA31-413C-9584-F5AAB2C89492}.DebugPIC16|Win32.ActiveCfg = DebugPIC16|Win32
		{B96E2BC9-EA31-413C-9584-F5AAB2C89492}.DebugPIC16|Win32.Build.0 = DebugPIC16|Win32
		{B96E2BC9-EA31-413C-9584-F5AAB2C89492}.Release|Win32.ActiveCfg = Release|Win32
		{B96E2BC9-EA31-413C-9584-F5AAB2C89492}.Release|Win32.Build.0 = Release|Win32
	EndGlobalSection
	GlobalSection(SolutionProperties) = preSolution
		HideSolutionNode = FALSE
	EndGlobalSection
EndGlobal
